
Microsoft Visual Studio Solution File, Format Version 12.00
# Visual Studio Version 16
VisualStudioVersion = 16.0.30907.101
MinimumVisualStudioVersion = 10.0.40219.1
Project("{FAE04EC0-301F-11D3-BF4B-00C04F79EFBC}") = "ClassMetotDemo", "ClassMetotDemo\ClassMetotDemo.csproj", "{E3ADC793-C762-4B44-B297-BD10A08FF17C}"
EndProject
Global
	GlobalSection(SolutionConfigurationPlatforms) = preSolution
		Debug|Any CPU = Debug|Any CPU
		Release|Any CPU = Release|Any CPU
	EndGlobalSection
	GlobalSection(ProjectConfigurationPlatforms) = postSolution
		{E3ADC793-C762-4B44-B297-BD10A08FF17C}.Debug|Any CPU.ActiveCfg = Debug|Any CPU
		{E3ADC793-C762-4B44-B297-BD10A08FF17C}.Debug|Any CPU.Build.0 = Debug|Any CPU
		{E3ADC793-C762-4B44-B297-BD10A08FF17C}.Release|Any CPU.ActiveCfg = Release|Any CPU
		{E3ADC793-C762-4B44-B297-BD10A08FF17C}.Release|Any CPU.Build.0 = Release|Any CPU
	EndGlobalSection
	GlobalSection(SolutionProperties) = preSolution
		HideSolutionNode = FALSE
	EndGlobalSection
	GlobalSection(ExtensibilityGlobals) = postSolution
		SolutionGuid = {D6D92603-BAD4-49D6-BAB9-82821B0ADF26}
	EndGlobalSection
EndGlobal
